// !$*UTF8*$!
{
	archiveVersion = 1;
	classes = {
	};
	objectVersion = 50;
	objects = {

/* Begin PBXBuildFile section */
		D0A9FF2721B9FCB500AB51F0 /* AppDelegate.swift in Sources */ = {isa = PBXBuildFile; fileRef = D0A9FF2621B9FCB500AB51F0 /* AppDelegate.swift */; };
		D0A9FF2921B9FCB500AB51F0 /* ViewController.swift in Sources */ = {isa = PBXBuildFile; fileRef = D0A9FF2821B9FCB500AB51F0 /* ViewController.swift */; };
		D0A9FF2C21B9FCB600AB51F0 /* Main.storyboard in Resources */ = {isa = PBXBuildFile; fileRef = D0A9FF2A21B9FCB600AB51F0 /* Main.storyboard */; };
		D0A9FF2E21B9FCB900AB51F0 /* Assets.xcassets in Resources */ = {isa = PBXBuildFile; fileRef = D0A9FF2D21B9FCB900AB51F0 /* Assets.xcassets */; };
		D0A9FF3121B9FCB900AB51F0 /* LaunchScreen.storyboard in Resources */ = {isa = PBXBuildFile; fileRef = D0A9FF2F21B9FCB900AB51F0 /* LaunchScreen.storyboard */; };
		D0A9FF7E21BA0D2600AB51F0 /* g1.mp3 in Resources */ = {isa = PBXBuildFile; fileRef = D0A9FF7121BA0D2600AB51F0 /* g1.mp3 */; };
		D0A9FF7F21BA0D2600AB51F0 /* c2.mp3 in Resources */ = {isa = PBXBuildFile; fileRef = D0A9FF7221BA0D2600AB51F0 /* c2.mp3 */; };
		D0A9FF8021BA0D2600AB51F0 /* a1.mp3 in Resources */ = {isa = PBXBuildFile; fileRef = D0A9FF7321BA0D2600AB51F0 /* a1.mp3 */; };
		D0A9FF8121BA0D2600AB51F0 /* c1.mp3 in Resources */ = {isa = PBXBuildFile; fileRef = D0A9FF7421BA0D2600AB51F0 /* c1.mp3 */; };
		D0A9FF8221BA0D2600AB51F0 /* b1.mp3 in Resources */ = {isa = PBXBuildFile; fileRef = D0A9FF7521BA0D2600AB51F0 /* b1.mp3 */; };
		D0A9FF8321BA0D2600AB51F0 /* e1.mp3 in Resources */ = {isa = PBXBuildFile; fileRef = D0A9FF7621BA0D2600AB51F0 /* e1.mp3 */; };
		D0A9FF8421BA0D2600AB51F0 /* d1s.mp3 in Resources */ = {isa = PBXBuildFile; fileRef = D0A9FF7721BA0D2600AB51F0 /* d1s.mp3 */; };
		D0A9FF8521BA0D2600AB51F0 /* c1s.mp3 in Resources */ = {isa = PBXBuildFile; fileRef = D0A9FF7821BA0D2600AB51F0 /* c1s.mp3 */; };
		D0A9FF8621BA0D2600AB51F0 /* g1s.mp3 in Resources */ = {isa = PBXBuildFile; fileRef = D0A9FF7921BA0D2600AB51F0 /* g1s.mp3 */; };
		D0A9FF8721BA0D2600AB51F0 /* f1.mp3 in Resources */ = {isa = PBXBuildFile; fileRef = D0A9FF7A21BA0D2600AB51F0 /* f1.mp3 */; };
		D0A9FF8821BA0D2600AB51F0 /* a1s.mp3 in Resources */ = {isa = PBXBuildFile; fileRef = D0A9FF7B21BA0D2600AB51F0 /* a1s.mp3 */; };
		D0A9FF8921BA0D2600AB51F0 /* f1s.mp3 in Resources */ = {isa = PBXBuildFile; fileRef = D0A9FF7C21BA0D2600AB51F0 /* f1s.mp3 */; };
		D0A9FF8A21BA0D2600AB51F0 /* d1.mp3 in Resources */ = {isa = PBXBuildFile; fileRef = D0A9FF7D21BA0D2600AB51F0 /* d1.mp3 */; };
		D0A9FF8C21BA167D00AB51F0 /* Extensions.swift in Sources */ = {isa = PBXBuildFile; fileRef = D0A9FF8B21BA167D00AB51F0 /* Extensions.swift */; };
/* End PBXBuildFile section */

/* Begin PBXFileReference section */
		D0A9FF2321B9FCB500AB51F0 /* piPiano.app */ = {isa = PBXFileReference; explicitFileType = wrapper.application; includeInIndex = 0; path = piPiano.app; sourceTree = BUILT_PRODUCTS_DIR; };
		D0A9FF2621B9FCB500AB51F0 /* AppDelegate.swift */ = {isa = PBXFileReference; lastKnownFileType = sourcecode.swift; path = AppDelegate.swift; sourceTree = "<group>"; };
		D0A9FF2821B9FCB500AB51F0 /* ViewController.swift */ = {isa = PBXFileReference; lastKnownFileType = sourcecode.swift; path = ViewController.swift; sourceTree = "<group>"; };
		D0A9FF2B21B9FCB600AB51F0 /* Base */ = {isa = PBXFileReference; lastKnownFileType = file.storyboard; name = Base; path = Base.lproj/Main.storyboard; sourceTree = "<group>"; };
		D0A9FF2D21B9FCB900AB51F0 /* Assets.xcassets */ = {isa = PBXFileReference; lastKnownFileType = folder.assetcatalog; path = Assets.xcassets; sourceTree = "<group>"; };
		D0A9FF3021B9FCB900AB51F0 /* Base */ = {isa = PBXFileReference; lastKnownFileType = file.storyboard; name = Base; path = Base.lproj/LaunchScreen.storyboard; sourceTree = "<group>"; };
		D0A9FF3221B9FCB900AB51F0 /* Info.plist */ = {isa = PBXFileReference; lastKnownFileType = text.plist.xml; path = Info.plist; sourceTree = "<group>"; };
		D0A9FF7121BA0D2600AB51F0 /* g1.mp3 */ = {isa = PBXFileReference; lastKnownFileType = audio.mp3; name = g1.mp3; path = sonidos/g1.mp3; sourceTree = SOURCE_ROOT; };
		D0A9FF7221BA0D2600AB51F0 /* c2.mp3 */ = {isa = PBXFileReference; lastKnownFileType = audio.mp3; name = c2.mp3; path = sonidos/c2.mp3; sourceTree = SOURCE_ROOT; };
		D0A9FF7321BA0D2600AB51F0 /* a1.mp3 */ = {isa = PBXFileReference; lastKnownFileType = audio.mp3; name = a1.mp3; path = sonidos/a1.mp3; sourceTree = SOURCE_ROOT; };
		D0A9FF7421BA0D2600AB51F0 /* c1.mp3 */ = {isa = PBXFileReference; lastKnownFileType = audio.mp3; name = c1.mp3; path = sonidos/c1.mp3; sourceTree = SOURCE_ROOT; };
		D0A9FF7521BA0D2600AB51F0 /* b1.mp3 */ = {isa = PBXFileReference; lastKnownFileType = audio.mp3; name = b1.mp3; path = sonidos/b1.mp3; sourceTree = SOURCE_ROOT; };
		D0A9FF7621BA0D2600AB51F0 /* e1.mp3 */ = {isa = PBXFileReference; lastKnownFileType = audio.mp3; name = e1.mp3; path = sonidos/e1.mp3; sourceTree = SOURCE_ROOT; };
		D0A9FF7721BA0D2600AB51F0 /* d1s.mp3 */ = {isa = PBXFileReference; lastKnownFileType = audio.mp3; name = d1s.mp3; path = sonidos/d1s.mp3; sourceTree = SOURCE_ROOT; };
		D0A9FF7821BA0D2600AB51F0 /* c1s.mp3 */ = {isa = PBXFileReference; lastKnownFileType = audio.mp3; name = c1s.mp3; path = sonidos/c1s.mp3; sourceTree = SOURCE_ROOT; };
		D0A9FF7921BA0D2600AB51F0 /* g1s.mp3 */ = {isa = PBXFileReference; lastKnownFileType = audio.mp3; name = g1s.mp3; path = sonidos/g1s.mp3; sourceTree = SOURCE_ROOT; };
		D0A9FF7A21BA0D2600AB51F0 /* f1.mp3 */ = {isa = PBXFileReference; lastKnownFileType = audio.mp3; name = f1.mp3; path = sonidos/f1.mp3; sourceTree = SOURCE_ROOT; };
		D0A9FF7B21BA0D2600AB51F0 /* a1s.mp3 */ = {isa = PBXFileReference; lastKnownFileType = audio.mp3; name = a1s.mp3; path = sonidos/a1s.mp3; sourceTree = SOURCE_ROOT; };
		D0A9FF7C21BA0D2600AB51F0 /* f1s.mp3 */ = {isa = PBXFileReference; lastKnownFileType = audio.mp3; name = f1s.mp3; path = sonidos/f1s.mp3; sourceTree = SOURCE_ROOT; };
		D0A9FF7D21BA0D2600AB51F0 /* d1.mp3 */ = {isa = PBXFileReference; lastKnownFileType = audio.mp3; name = d1.mp3; path = sonidos/d1.mp3; sourceTree = SOURCE_ROOT; };
		D0A9FF8B21BA167D00AB51F0 /* Extensions.swift */ = {isa = PBXFileReference; lastKnownFileType = sourcecode.swift; path = Extensions.swift; sourceTree = "<group>"; };
/* End PBXFileReference section */

/* Begin PBXFrameworksBuildPhase section */
		D0A9FF2021B9FCB500AB51F0 /* Frameworks */ = {
			isa = PBXFrameworksBuildPhase;
			buildActionMask = 2147483647;
			files = (
			);
			runOnlyForDeploymentPostprocessing = 0;
		};
/* End PBXFrameworksBuildPhase section */

/* Begin PBXGroup section */
		D0A9FF1A21B9FCB500AB51F0 = {
			isa = PBXGroup;
			children = (
				D0A9FF2521B9FCB500AB51F0 /* piPiano */,
				D0A9FF2421B9FCB500AB51F0 /* Products */,
			);
			sourceTree = "<group>";
		};
		D0A9FF2421B9FCB500AB51F0 /* Products */ = {
			isa = PBXGroup;
			children = (
				D0A9FF2321B9FCB500AB51F0 /* piPiano.app */,
			);
			name = Products;
			sourceTree = "<group>";
		};
		D0A9FF2521B9FCB500AB51F0 /* piPiano */ = {
			isa = PBXGroup;
			children = (
				D0A9FF3821B9FD0200AB51F0 /* Controllers */,
				D0A9FF3921B9FD3400AB51F0 /* StoryBoards */,
				D0A9FF7021BA0D0300AB51F0 /* Sounds */,
				D0A9FF2D21B9FCB900AB51F0 /* Assets.xcassets */,
				D0A9FF3221B9FCB900AB51F0 /* Info.plist */,
			);
			path = piPiano;
			sourceTree = "<group>";
		};
		D0A9FF3821B9FD0200AB51F0 /* Controllers */ = {
			isa = PBXGroup;
			children = (
				D0A9FF2621B9FCB500AB51F0 /* AppDelegate.swift */,
				D0A9FF2821B9FCB500AB51F0 /* ViewController.swift */,
				D0A9FF8B21BA167D00AB51F0 /* Extensions.swift */,
			);
			path = Controllers;
			sourceTree = "<group>";
		};
		D0A9FF3921B9FD3400AB51F0 /* StoryBoards */ = {
			isa = PBXGroup;
			children = (
				D0A9FF2A21B9FCB600AB51F0 /* Main.storyboard */,
				D0A9FF2F21B9FCB900AB51F0 /* LaunchScreen.storyboard */,
			);
			path = StoryBoards;
			sourceTree = "<group>";
		};
		D0A9FF7021BA0D0300AB51F0 /* Sounds */ = {
			isa = PBXGroup;
			children = (
				D0A9FF7321BA0D2600AB51F0 /* a1.mp3 */,
				D0A9FF7B21BA0D2600AB51F0 /* a1s.mp3 */,
				D0A9FF7521BA0D2600AB51F0 /* b1.mp3 */,
				D0A9FF7421BA0D2600AB51F0 /* c1.mp3 */,
				D0A9FF7821BA0D2600AB51F0 /* c1s.mp3 */,
				D0A9FF7221BA0D2600AB51F0 /* c2.mp3 */,
				D0A9FF7D21BA0D2600AB51F0 /* d1.mp3 */,
				D0A9FF7721BA0D2600AB51F0 /* d1s.mp3 */,
				D0A9FF7621BA0D2600AB51F0 /* e1.mp3 */,
				D0A9FF7A21BA0D2600AB51F0 /* f1.mp3 */,
				D0A9FF7C21BA0D2600AB51F0 /* f1s.mp3 */,
				D0A9FF7121BA0D2600AB51F0 /* g1.mp3 */,
				D0A9FF7921BA0D2600AB51F0 /* g1s.mp3 */,
			);
			path = Sounds;
			sourceTree = "<group>";
		};
/* End PBXGroup section */

/* Begin PBXNativeTarget section */
		D0A9FF2221B9FCB500AB51F0 /* piPiano */ = {
			isa = PBXNativeTarget;
			buildConfigurationList = D0A9FF3521B9FCB900AB51F0 /* Build configuration list for PBXNativeTarget "piPiano" */;
			buildPhases = (
				D0A9FF1F21B9FCB500AB51F0 /* Sources */,
				D0A9FF2021B9FCB500AB51F0 /* Frameworks */,
				D0A9FF2121B9FCB500AB51F0 /* Resources */,
			);
			buildRules = (
			);
			dependencies = (
			);
			name = piPiano;
			productName = piPiano;
			productReference = D0A9FF2321B9FCB500AB51F0 /* piPiano.app */;
			productType = "com.apple.product-type.application";
		};
/* End PBXNativeTarget section */

/* Begin PBXProject section */
		D0A9FF1B21B9FCB500AB51F0 /* Project object */ = {
			isa = PBXProject;
			attributes = {
				LastSwiftUpdateCheck = 1010;
				LastUpgradeCheck = 1010;
				ORGANIZATIONNAME = superw;
				TargetAttributes = {
					D0A9FF2221B9FCB500AB51F0 = {
						CreatedOnToolsVersion = 10.1;
					};
				};
			};
			buildConfigurationList = D0A9FF1E21B9FCB500AB51F0 /* Build configuration list for PBXProject "piPiano" */;
			compatibilityVersion = "Xcode 9.3";
			developmentRegion = en;
			hasScannedForEncodings = 0;
			knownRegions = (
				en,
				Base,
			);
			mainGroup = D0A9FF1A21B9FCB500AB51F0;
			productRefGroup = D0A9FF2421B9FCB500AB51F0 /* Products */;
			projectDirPath = "";
			projectRoot = "";
			targets = (
				D0A9FF2221B9FCB500AB51F0 /* piPiano */,
			);
		};
/* End PBXProject section */

/* Begin PBXResourcesBuildPhase section */
		D0A9FF2121B9FCB500AB51F0 /* Resources */ = {
			isa = PBXResourcesBuildPhase;
			buildActionMask = 2147483647;
			files = (
				D0A9FF8921BA0D2600AB51F0 /* f1s.mp3 in Resources */,
				D0A9FF8721BA0D2600AB51F0 /* f1.mp3 in Resources */,
				D0A9FF8621BA0D2600AB51F0 /* g1s.mp3 in Resources */,
				D0A9FF7F21BA0D2600AB51F0 /* c2.mp3 in Resources */,
				D0A9FF8521BA0D2600AB51F0 /* c1s.mp3 in Resources */,
				D0A9FF8121BA0D2600AB51F0 /* c1.mp3 in Resources */,
				D0A9FF7E21BA0D2600AB51F0 /* g1.mp3 in Resources */,
				D0A9FF8421BA0D2600AB51F0 /* d1s.mp3 in Resources */,
				D0A9FF3121B9FCB900AB51F0 /* LaunchScreen.storyboard in Resources */,
				D0A9FF8A21BA0D2600AB51F0 /* d1.mp3 in Resources */,
				D0A9FF8821BA0D2600AB51F0 /* a1s.mp3 in Resources */,
				D0A9FF2E21B9FCB900AB51F0 /* Assets.xcassets in Resources */,
				D0A9FF8321BA0D2600AB51F0 /* e1.mp3 in Resources */,
				D0A9FF8021BA0D2600AB51F0 /* a1.mp3 in Resources */,
				D0A9FF2C21B9FCB600AB51F0 /* Main.storyboard in Resources */,
				D0A9FF8221BA0D2600AB51F0 /* b1.mp3 in Resources */,
			);
			runOnlyForDeploymentPostprocessing = 0;
		};
/* End PBXResourcesBuildPhase section */

/* Begin PBXSourcesBuildPhase section */
		D0A9FF1F21B9FCB500AB51F0 /* Sources */ = {
			isa = PBXSourcesBuildPhase;
			buildActionMask = 2147483647;
			files = (
				D0A9FF2921B9FCB500AB51F0 /* ViewController.swift in Sources */,
				D0A9FF8C21BA167D00AB51F0 /* Extensions.swift in Sources */,
				D0A9FF2721B9FCB500AB51F0 /* AppDelegate.swift in Sources */,
			);
			runOnlyForDeploymentPostprocessing = 0;
		};
/* End PBXSourcesBuildPhase section */

/* Begin PBXVariantGroup section */
		D0A9FF2A21B9FCB600AB51F0 /* Main.storyboard */ = {
			isa = PBXVariantGroup;
			children = (
				D0A9FF2B21B9FCB600AB51F0 /* Base */,
			);
			name = Main.storyboard;
			sourceTree = "<group>";
		};
		D0A9FF2F21B9FCB900AB51F0 /* LaunchScreen.storyboard */ = {
			isa = PBXVariantGroup;
			children = (
				D0A9FF3021B9FCB900AB51F0 /* Base */,
			);
			name = LaunchScreen.storyboard;
			sourceTree = "<group>";
		};
/* End PBXVariantGroup section */

/* Begin XCBuildConfiguration section */
		D0A9FF3321B9FCB900AB51F0 /* Debug */ = {
			isa = XCBuildConfiguration;
			buildSettings = {
				ALWAYS_SEARCH_USER_PATHS = NO;
				CLANG_ANALYZER_NONNULL = YES;
				CLANG_ANALYZER_NUMBER_OBJECT_CONVERSION = YES_AGGRESSIVE;
				CLANG_CXX_LANGUAGE_STANDARD = "gnu++14";
				CLANG_CXX_LIBRARY = "libc++";
				CLANG_ENABLE_MODULES = YES;
				CLANG_ENABLE_OBJC_ARC = YES;
				CLANG_ENABLE_OBJC_WEAK = YES;
				CLANG_WARN_BLOCK_CAPTURE_AUTORELEASING = YES;
				CLANG_WARN_BOOL_CONVERSION = YES;
				CLANG_WARN_COMMA = YES;
				CLANG_WARN_CONSTANT_CONVERSION = YES;
				CLANG_WARN_DEPRECATED_OBJC_IMPLEMENTATIONS = YES;
				CLANG_WARN_DIRECT_OBJC_ISA_USAGE = YES_ERROR;
				CLANG_WARN_DOCUMENTATION_COMMENTS = YES;
				CLANG_WARN_EMPTY_BODY = YES;
				CLANG_WARN_ENUM_CONVERSION = YES;
				CLANG_WARN_INFINITE_RECURSION = YES;
				CLANG_WARN_INT_CONVERSION = YES;
				CLANG_WARN_NON_LITERAL_NULL_CONVERSION = YES;
				CLANG_WARN_OBJC_IMPLICIT_RETAIN_SELF = YES;
				CLANG_WARN_OBJC_LITERAL_CONVERSION = YES;
				CLANG_WARN_OBJC_ROOT_CLASS = YES_ERROR;
				CLANG_WARN_RANGE_LOOP_ANALYSIS = YES;
				CLANG_WARN_STRICT_PROTOTYPES = YES;
				CLANG_WARN_SUSPICIOUS_MOVE = YES;
				CLANG_WARN_UNGUARDED_AVAILABILITY = YES_AGGRESSIVE;
				CLANG_WARN_UNREACHABLE_CODE = YES;
				CLANG_WARN__DUPLICATE_METHOD_MATCH = YES;
				CODE_SIGN_IDENTITY = "iPhone Developer";
				COPY_PHASE_STRIP = NO;
				DEBUG_INFORMATION_FORMAT = dwarf;
				ENABLE_STRICT_OBJC_MSGSEND = YES;
				ENABLE_TESTABILITY = YES;
				GCC_C_LANGUAGE_STANDARD = gnu11;
				GCC_DYNAMIC_NO_PIC = NO;
				GCC_NO_COMMON_BLOCKS = YES;
				GCC_OPTIMIZATION_LEVEL = 0;
				GCC_PREPROCESSOR_DEFINITIONS = (
					"DEBUG=1",
					"$(inherited)",
				);
				GCC_WARN_64_TO_32_BIT_CONVERSION = YES;
				GCC_WARN_ABOUT_RETURN_TYPE = YES_ERROR;
				GCC_WARN_UNDECLARED_SELECTOR = YES;
				GCC_WARN_UNINITIALIZED_AUTOS = YES_AGGRESSIVE;
				GCC_WARN_UNUSED_FUNCTION = YES;
				GCC_WARN_UNUSED_VARIABLE = YES;
				IPHONEOS_DEPLOYMENT_TARGET = 12.1;
				MTL_ENABLE_DEBUG_INFO = INCLUDE_SOURCE;
				MTL_FAST_MATH = YES;
				ONLY_ACTIVE_ARCH = YES;
				SDKROOT = iphoneos;
				SWIFT_ACTIVE_COMPILATION_CONDITIONS = DEBUG;
				SWIFT_OPTIMIZATION_LEVEL = "-Onone";
			};
			name = Debug;
		};
		D0A9FF3421B9FCB900AB51F0 /* Release */ = {
			isa = XCBuildConfiguration;
			buildSettings = {
				ALWAYS_SEARCH_USER_PATHS = NO;
				CLANG_ANALYZER_NONNULL = YES;
				CLANG_ANALYZER_NUMBER_OBJECT_CONVERSION = YES_AGGRESSIVE;
				CLANG_CXX_LANGUAGE_STANDARD = "gnu++14";
				CLANG_CXX_LIBRARY = "libc++";
				CLANG_ENABLE_MODULES = YES;
				CLANG_ENABLE_OBJC_ARC = YES;
				CLANG_ENABLE_OBJC_WEAK = YES;
				CLANG_WARN_BLOCK_CAPTURE_AUTORELEASING = YES;
				CLANG_WARN_BOOL_CONVERSION = YES;
				CLANG_WARN_COMMA = YES;
				CLANG_WARN_CONSTANT_CONVERSION = YES;
				CLANG_WARN_DEPRECATED_OBJC_IMPLEMENTATIONS = YES;
				CLANG_WARN_DIRECT_OBJC_ISA_USAGE = YES_ERROR;
				CLANG_WARN_DOCUMENTATION_COMMENTS = YES;
				CLANG_WARN_EMPTY_BODY = YES;
				CLANG_WARN_ENUM_CONVERSION = YES;
				CLANG_WARN_INFINITE_RECURSION = YES;
				CLANG_WARN_INT_CONVERSION = YES;
				CLANG_WARN_NON_LITERAL_NULL_CONVERSION = YES;
				CLANG_WARN_OBJC_IMPLICIT_RETAIN_SELF = YES;
				CLANG_WARN_OBJC_LITERAL_CONVERSION = YES;
				CLANG_WARN_OBJC_ROOT_CLASS = YES_ERROR;
				CLANG_WARN_RANGE_LOOP_ANALYSIS = YES;
				CLANG_WARN_STRICT_PROTOTYPES = YES;
				CLANG_WARN_SUSPICIOUS_MOVE = YES;
				CLANG_WARN_UNGUARDED_AVAILABILITY = YES_AGGRESSIVE;
				CLANG_WARN_UNREACHABLE_CODE = YES;
				CLANG_WARN__DUPLICATE_METHOD_MATCH = YES;
				CODE_SIGN_IDENTITY = "iPhone Developer";
				COPY_PHASE_STRIP = NO;
				DEBUG_INFORMATION_FORMAT = "dwarf-with-dsym";
				ENABLE_NS_ASSERTIONS = NO;
				ENABLE_STRICT_OBJC_MSGSEND = YES;
				GCC_C_LANGUAGE_STANDARD = gnu11;
				GCC_NO_COMMON_BLOCKS = YES;
				GCC_WARN_64_TO_32_BIT_CONVERSION = YES;
				GCC_WARN_ABOUT_RETURN_TYPE = YES_ERROR;
				GCC_WARN_UNDECLARED_SELECTOR = YES;
				GCC_WARN_UNINITIALIZED_AUTOS = YES_AGGRESSIVE;
				GCC_WARN_UNUSED_FUNCTION = YES;
				GCC_WARN_UNUSED_VARIABLE = YES;
				IPHONEOS_DEPLOYMENT_TARGET = 12.1;
				MTL_ENABLE_DEBUG_INFO = NO;
				MTL_FAST_MATH = YES;
				SDKROOT = iphoneos;
				SWIFT_COMPILATION_MODE = wholemodule;
				SWIFT_OPTIMIZATION_LEVEL = "-O";
				VALIDATE_PRODUCT = YES;
			};
			name = Release;
		};
		D0A9FF3621B9FCB900AB51F0 /* Debug */ = {
			isa = XCBuildConfiguration;
			buildSettings = {
				ASSETCATALOG_COMPILER_APPICON_NAME = AppIcon;
				CODE_SIGN_STYLE = Automatic;
				DEVELOPMENT_TEAM = RQUGBU2U53;
				INFOPLIST_FILE = piPiano/Info.plist;
				IPHONEOS_DEPLOYMENT_TARGET = 12.0;
				LD_RUNPATH_SEARCH_PATHS = (
					"$(inherited)",
					"@executable_path/Frameworks",
				);
				PRODUCT_BUNDLE_IDENTIFIER = es.ipon.piPiano;
				PRODUCT_NAME = "$(TARGET_NAME)";
				SWIFT_VERSION = 4.2;
				TARGETED_DEVICE_FAMILY = "1,2";
			};
			name = Debug;
		};
		D0A9FF3721B9FCB900AB51F0 /* Release */ = {
			isa = XCBuildConfiguration;
			buildSettings = {
				ASSETCATALOG_COMPILER_APPICON_NAME = AppIcon;
				CODE_SIGN_STYLE = Automatic;
				DEVELOPMENT_TEAM = RQUGBU2U53;
				INFOPLIST_FILE = piPiano/Info.plist;
				IPHONEOS_DEPLOYMENT_TARGET = 12.0;
				LD_RUNPATH_SEARCH_PATHS = (
					"$(inherited)",
					"@executable_path/Frameworks",
				);
				PRODUCT_BUNDLE_IDENTIFIER = es.ipon.piPiano;
				PRODUCT_NAME = "$(TARGET_NAME)";
				SWIFT_VERSION = 4.2;
				TARGETED_DEVICE_FAMILY = "1,2";
			};
			name = Release;
		};
/* End XCBuildConfiguration section */

/* Begin XCConfigurationList section */
		D0A9FF1E21B9FCB500AB51F0 /* Build configuration list for PBXProject "piPiano" */ = {
			isa = XCConfigurationList;
			buildConfigurations = (
				D0A9FF3321B9FCB900AB51F0 /* Debug */,
				D0A9FF3421B9FCB900AB51F0 /* Release */,
			);
			defaultConfigurationIsVisible = 0;
			defaultConfigurationName = Release;
		};
		D0A9FF3521B9FCB900AB51F0 /* Build configuration list for PBXNativeTarget "piPiano" */ = {
			isa = XCConfigurationList;
			buildConfigurations = (
				D0A9FF3621B9FCB900AB51F0 /* Debug */,
				D0A9FF3721B9FCB900AB51F0 /* Release */,
			);
			defaultConfigurationIsVisible = 0;
			defaultConfigurationName = Release;
		};
/* End XCConfigurationList section */
	};
	rootObject = D0A9FF1B21B9FCB500AB51F0 /* Project object */;
}
